
Microsoft Visual Studio Solution File, Format Version 12.00
# Visual Studio Version 16
VisualStudioVersion = 16.0.30621.155
MinimumVisualStudioVersion = 10.0.40219.1
Project("{FAE04EC0-301F-11D3-BF4B-00C04F79EFBC}") = "Lesson16Homework", "Lesson16Homework\Lesson16Homework.csproj", "{8D2A15B0-2441-4905-BDD3-541FDC2509A1}"
EndProject
Project("{FAE04EC0-301F-11D3-BF4B-00C04F79EFBC}") = "Lesson16Homework3", "Lesson16Homework3\Lesson16Homework3.csproj", "{5EDCF52A-2E39-4696-B53E-90723D82AB94}"
EndProject
Project("{FAE04EC0-301F-11D3-BF4B-00C04F79EFBC}") = "Lesson16Homework4", "Lesson16Homework4\Lesson16Homework4.csproj", "{FE8BA5B7-8B1A-40A7-B6EC-11AF08220A63}"
EndProject
Global
	GlobalSection(SolutionConfigurationPlatforms) = preSolution
		Debug|Any CPU = Debug|Any CPU
		Release|Any CPU = Release|Any CPU
	EndGlobalSection
	GlobalSection(ProjectConfigurationPlatforms) = postSolution
		{8D2A15B0-2441-4905-BDD3-541FDC2509A1}.Debug|Any CPU.ActiveCfg = Debug|Any CPU
		{8D2A15B0-2441-4905-BDD3-541FDC2509A1}.Debug|Any CPU.Build.0 = Debug|Any CPU
		{8D2A15B0-2441-4905-BDD3-541FDC2509A1}.Release|Any CPU.ActiveCfg = Release|Any CPU
		{8D2A15B0-2441-4905-BDD3-541FDC2509A1}.Release|Any CPU.Build.0 = Release|Any CPU
		{5EDCF52A-2E39-4696-B53E-90723D82AB94}.Debug|Any CPU.ActiveCfg = Debug|Any CPU
		{5EDCF52A-2E39-4696-B53E-90723D82AB94}.Debug|Any CPU.Build.0 = Debug|Any CPU
		{5EDCF52A-2E39-4696-B53E-90723D82AB94}.Release|Any CPU.ActiveCfg = Release|Any CPU
		{5EDCF52A-2E39-4696-B53E-90723D82AB94}.Release|Any CPU.Build.0 = Release|Any CPU
		{FE8BA5B7-8B1A-40A7-B6EC-11AF08220A63}.Debug|Any CPU.ActiveCfg = Debug|Any CPU
		{FE8BA5B7-8B1A-40A7-B6EC-11AF08220A63}.Debug|Any CPU.Build.0 = Debug|Any CPU
		{FE8BA5B7-8B1A-40A7-B6EC-11AF08220A63}.Release|Any CPU.ActiveCfg = Release|Any CPU
		{FE8BA5B7-8B1A-40A7-B6EC-11AF08220A63}.Release|Any CPU.Build.0 = Release|Any CPU
	EndGlobalSection
	GlobalSection(SolutionProperties) = preSolution
		HideSolutionNode = FALSE
	EndGlobalSection
	GlobalSection(ExtensibilityGlobals) = postSolution
		SolutionGuid = {BE1A67C7-292B-4C52-A9A4-10FB08F30958}
	EndGlobalSection
EndGlobal
